
Microsoft Visual Studio Solution File, Format Version 12.00
# Visual Studio Version 17
VisualStudioVersion = 17.1.32319.34
MinimumVisualStudioVersion = 10.0.40219.1
Project("{9A19103F-16F7-4668-BE54-9A1E7A4F7556}") = "EmployeePayrollService", "EmployeePayrollService.csproj", "{B7DA4D59-48D2-4737-BFE1-740973ABFC11}"
EndProject
Global
	GlobalSection(SolutionConfigurationPlatforms) = preSolution
		Debug|Any CPU = Debug|Any CPU
		Release|Any CPU = Release|Any CPU
	EndGlobalSection
	GlobalSection(ProjectConfigurationPlatforms) = postSolution
		{B7DA4D59-48D2-4737-BFE1-740973ABFC11}.Debug|Any CPU.ActiveCfg = Debug|Any CPU
		{B7DA4D59-48D2-4737-BFE1-740973ABFC11}.Debug|Any CPU.Build.0 = Debug|Any CPU
		{B7DA4D59-48D2-4737-BFE1-740973ABFC11}.Release|Any CPU.ActiveCfg = Release|Any CPU
		{B7DA4D59-48D2-4737-BFE1-740973ABFC11}.Release|Any CPU.Build.0 = Release|Any CPU
	EndGlobalSection
	GlobalSection(SolutionProperties) = preSolution
		HideSolutionNode = FALSE
	EndGlobalSection
	GlobalSection(ExtensibilityGlobals) = postSolution
		SolutionGuid = {4038F84F-A367-40CA-AF01-102E4EBCC5FA}
	EndGlobalSection
EndGlobal
